
Microsoft Visual Studio Solution File, Format Version 12.00
# Visual Studio Version 17
VisualStudioVersion = 17.6.33829.357
MinimumVisualStudioVersion = 10.0.40219.1
Project("{FAE04EC0-301F-11D3-BF4B-00C04F79EFBC}") = "Communal1", "Communal1.csproj", "{83A7FBCE-FCE3-4953-B5FA-9DC7CE012614}"
EndProject
Global
	GlobalSection(SolutionConfigurationPlatforms) = preSolution
		Debug|Any CPU = Debug|Any CPU
		Release|Any CPU = Release|Any CPU
	EndGlobalSection
	GlobalSection(ProjectConfigurationPlatforms) = postSolution
		{83A7FBCE-FCE3-4953-B5FA-9DC7CE012614}.Debug|Any CPU.ActiveCfg = Debug|Any CPU
		{83A7FBCE-FCE3-4953-B5FA-9DC7CE012614}.Debug|Any CPU.Build.0 = Debug|Any CPU
		{83A7FBCE-FCE3-4953-B5FA-9DC7CE012614}.Release|Any CPU.ActiveCfg = Release|Any CPU
		{83A7FBCE-FCE3-4953-B5FA-9DC7CE012614}.Release|Any CPU.Build.0 = Release|Any CPU
	EndGlobalSection
	GlobalSection(SolutionProperties) = preSolution
		HideSolutionNode = FALSE
	EndGlobalSection
	GlobalSection(ExtensibilityGlobals) = postSolution
		SolutionGuid = {19DB7CA1-2B02-4424-9269-711BBDA1F450}
	EndGlobalSection
EndGlobal
